PODS:
  - Bolts/Tasks (1.7.0)
  - JSQMessagesViewController (7.2.0):
    - JSQSystemSoundPlayer (~> 2.0.1)
  - JSQSystemSoundPlayer (2.0.1)
  - Parse (1.11.0):
    - Bolts/Tasks (~> 1.5)

DEPENDENCIES:
  - JSQMessagesViewController
  - Parse (= 1.11.0)

SPEC CHECKSUMS:
  Bolts: a0058fa3b331c5a1e4402d534f2dae36dbff31e4
  JSQMessagesViewController: 73cab48aa92fc2d512f3b6724f3425cc47a19eb5
  JSQSystemSoundPlayer: c5850e77a4363ffd374cd851154b9af93264ed8d
  Parse: 886af46a0a677402f6374bb97ac212e795f70afe

COCOAPODS: 0.39.0
